
Microsoft Visual Studio Solution File, Format Version 12.00
# Visual Studio Version 16
VisualStudioVersion = 16.0.30907.101
MinimumVisualStudioVersion = 10.0.40219.1
Project("{FAE04EC0-301F-11D3-BF4B-00C04F79EFBC}") = "DataManager", "DataManager\DataManager.csproj", "{4448FC7F-57F5-4FCB-931B-6107A7475212}"
EndProject
Project("{FAE04EC0-301F-11D3-BF4B-00C04F79EFBC}") = "Principal", "Principal\Principal.csproj", "{595A7E05-4063-4DF5-BBA8-9176F2B54517}"
EndProject
Global
	GlobalSection(SolutionConfigurationPlatforms) = preSolution
		Debug|Any CPU = Debug|Any CPU
		Release|Any CPU = Release|Any CPU
	EndGlobalSection
	GlobalSection(ProjectConfigurationPlatforms) = postSolution
		{4448FC7F-57F5-4FCB-931B-6107A7475212}.Debug|Any CPU.ActiveCfg = Debug|Any CPU
		{4448FC7F-57F5-4FCB-931B-6107A7475212}.Debug|Any CPU.Build.0 = Debug|Any CPU
		{4448FC7F-57F5-4FCB-931B-6107A7475212}.Release|Any CPU.ActiveCfg = Release|Any CPU
		{4448FC7F-57F5-4FCB-931B-6107A7475212}.Release|Any CPU.Build.0 = Release|Any CPU
		{595A7E05-4063-4DF5-BBA8-9176F2B54517}.Debug|Any CPU.ActiveCfg = Debug|Any CPU
		{595A7E05-4063-4DF5-BBA8-9176F2B54517}.Debug|Any CPU.Build.0 = Debug|Any CPU
		{595A7E05-4063-4DF5-BBA8-9176F2B54517}.Release|Any CPU.ActiveCfg = Release|Any CPU
		{595A7E05-4063-4DF5-BBA8-9176F2B54517}.Release|Any CPU.Build.0 = Release|Any CPU
	EndGlobalSection
	GlobalSection(SolutionProperties) = preSolution
		HideSolutionNode = FALSE
	EndGlobalSection
	GlobalSection(ExtensibilityGlobals) = postSolution
		SolutionGuid = {716568B5-2351-41C6-9F16-4DC2CEC782D5}
	EndGlobalSection
EndGlobal
